
Microsoft Visual Studio Solution File, Format Version 12.00
# Visual Studio 15
VisualStudioVersion = 15.0.28307.572
MinimumVisualStudioVersion = 10.0.40219.1
Project("{8BC9CEB8-8B4A-11D0-8D11-00A0C91BC942}") = "Interface", "Interface\Interface.vcxproj", "{F38C7E8A-B423-40F4-8612-AE697979D8CA}"
	ProjectSection(ProjectDependencies) = postProject
		{CB78D2CC-BA9A-408A-898D-65412403F890} = {CB78D2CC-BA9A-408A-898D-65412403F890}
	EndProjectSection
EndProject
Project("{8BC9CEB8-8B4A-11D0-8D11-00A0C91BC942}") = "Engine", "Engine\Engine.vcxproj", "{CB78D2CC-BA9A-408A-898D-65412403F890}"
EndProject
Global
	GlobalSection(SolutionConfigurationPlatforms) = preSolution
		Debug|x64 = Debug|x64
		Debug|x86 = Debug|x86
		Release|x64 = Release|x64
		Release|x86 = Release|x86
	EndGlobalSection
	GlobalSection(ProjectConfigurationPlatforms) = postSolution
		{F38C7E8A-B423-40F4-8612-AE697979D8CA}.Debug|x64.ActiveCfg = Debug|x64
		{F38C7E8A-B423-40F4-8612-AE697979D8CA}.Debug|x64.Build.0 = Debug|x64
		{F38C7E8A-B423-40F4-8612-AE697979D8CA}.Debug|x86.ActiveCfg = Debug|Win32
		{F38C7E8A-B423-40F4-8612-AE697979D8CA}.Debug|x86.Build.0 = Debug|Win32
		{F38C7E8A-B423-40F4-8612-AE697979D8CA}.Release|x64.ActiveCfg = Release|x64
		{F38C7E8A-B423-40F4-8612-AE697979D8CA}.Release|x64.Build.0 = Release|x64
		{F38C7E8A-B423-40F4-8612-AE697979D8CA}.Release|x86.ActiveCfg = Release|Win32
		{F38C7E8A-B423-40F4-8612-AE697979D8CA}.Release|x86.Build.0 = Release|Win32
		{CB78D2CC-BA9A-408A-898D-65412403F890}.Debug|x64.ActiveCfg = Debug|x64
		{CB78D2CC-BA9A-408A-898D-65412403F890}.Debug|x64.Build.0 = Debug|x64
		{CB78D2CC-BA9A-408A-898D-65412403F890}.Debug|x86.ActiveCfg = Debug|Win32
		{CB78D2CC-BA9A-408A-898D-65412403F890}.Debug|x86.Build.0 = Debug|Win32
		{CB78D2CC-BA9A-408A-898D-65412403F890}.Release|x64.ActiveCfg = Release|x64
		{CB78D2CC-BA9A-408A-898D-65412403F890}.Release|x64.Build.0 = Release|x64
		{CB78D2CC-BA9A-408A-898D-65412403F890}.Release|x86.ActiveCfg = Release|Win32
		{CB78D2CC-BA9A-408A-898D-65412403F890}.Release|x86.Build.0 = Release|Win32
	EndGlobalSection
	GlobalSection(SolutionProperties) = preSolution
		HideSolutionNode = FALSE
	EndGlobalSection
	GlobalSection(ExtensibilityGlobals) = postSolution
		SolutionGuid = {B9B41586-7E58-4971-AB55-B2372953D26B}
	EndGlobalSection
EndGlobal
